
Microsoft Visual Studio Solution File, Format Version 12.00
# Visual Studio Version 17
VisualStudioVersion = 17.5.33414.496
MinimumVisualStudioVersion = 10.0.40219.1
Project("{FAE04EC0-301F-11D3-BF4B-00C04F79EFBC}") = "loops(task1)", "loops(task1)\loops(task1).csproj", "{6C20D762-28AF-46AE-A67D-4428BBAC13DF}"
EndProject
Global
	GlobalSection(SolutionConfigurationPlatforms) = preSolution
		Debug|Any CPU = Debug|Any CPU
		Release|Any CPU = Release|Any CPU
	EndGlobalSection
	GlobalSection(ProjectConfigurationPlatforms) = postSolution
		{6C20D762-28AF-46AE-A67D-4428BBAC13DF}.Debug|Any CPU.ActiveCfg = Debug|Any CPU
		{6C20D762-28AF-46AE-A67D-4428BBAC13DF}.Debug|Any CPU.Build.0 = Debug|Any CPU
		{6C20D762-28AF-46AE-A67D-4428BBAC13DF}.Release|Any CPU.ActiveCfg = Release|Any CPU
		{6C20D762-28AF-46AE-A67D-4428BBAC13DF}.Release|Any CPU.Build.0 = Release|Any CPU
	EndGlobalSection
	GlobalSection(SolutionProperties) = preSolution
		HideSolutionNode = FALSE
	EndGlobalSection
	GlobalSection(ExtensibilityGlobals) = postSolution
		SolutionGuid = {EA9FBE1D-65D5-47DA-88D7-685EBC08F6CC}
	EndGlobalSection
EndGlobal
