
Microsoft Visual Studio Solution File, Format Version 12.00
# Visual Studio Version 17
VisualStudioVersion = 17.5.33414.496
MinimumVisualStudioVersion = 10.0.40219.1
Project("{FAE04EC0-301F-11D3-BF4B-00C04F79EFBC}") = "loops(task4)", "loops(task4).csproj", "{79149288-E113-4E49-9EC8-A3FBC245E76B}"
EndProject
Global
	GlobalSection(SolutionConfigurationPlatforms) = preSolution
		Debug|Any CPU = Debug|Any CPU
		Release|Any CPU = Release|Any CPU
	EndGlobalSection
	GlobalSection(ProjectConfigurationPlatforms) = postSolution
		{79149288-E113-4E49-9EC8-A3FBC245E76B}.Debug|Any CPU.ActiveCfg = Debug|Any CPU
		{79149288-E113-4E49-9EC8-A3FBC245E76B}.Debug|Any CPU.Build.0 = Debug|Any CPU
		{79149288-E113-4E49-9EC8-A3FBC245E76B}.Release|Any CPU.ActiveCfg = Release|Any CPU
		{79149288-E113-4E49-9EC8-A3FBC245E76B}.Release|Any CPU.Build.0 = Release|Any CPU
	EndGlobalSection
	GlobalSection(SolutionProperties) = preSolution
		HideSolutionNode = FALSE
	EndGlobalSection
	GlobalSection(ExtensibilityGlobals) = postSolution
		SolutionGuid = {2394EAEF-2CEA-4A93-A73C-0A23B0F1C927}
	EndGlobalSection
EndGlobal
